
Microsoft Visual Studio Solution File, Format Version 12.00
# Visual Studio Version 16
VisualStudioVersion = 16.0.30804.86
MinimumVisualStudioVersion = 10.0.40219.1
Project("{9A19103F-16F7-4668-BE54-9A1E7A4F7556}") = "EnginHocaCamp", "EnginHocaCamp\EnginHocaCamp.csproj", "{D757F14A-A20A-452F-9C21-7049328C405B}"
EndProject
Project("{9A19103F-16F7-4668-BE54-9A1E7A4F7556}") = "Metodlar", "Metodlar\Metodlar.csproj", "{142A678A-3F2F-49CB-BB8C-94C2358EB55A}"
EndProject
Project("{9A19103F-16F7-4668-BE54-9A1E7A4F7556}") = "DegerVeReferansTipler", "DegerVeReferansTipler\DegerVeReferansTipler.csproj", "{E9615B28-670B-49D8-B159-77F19999E143}"
EndProject
Project("{9A19103F-16F7-4668-BE54-9A1E7A4F7556}") = "OOP", "OOP\OOP.csproj", "{2F86A8F4-4EDE-409A-B605-05013594492F}"
EndProject
Project("{9A19103F-16F7-4668-BE54-9A1E7A4F7556}") = "Collections", "Collections\Collections.csproj", "{6ADDDBD9-09D9-41E1-A014-D8592C90F55F}"
EndProject
Project("{9A19103F-16F7-4668-BE54-9A1E7A4F7556}") = "OOP2", "OOP2\OOP2.csproj", "{63622A87-FFD7-4040-A65E-0C601E0F24B5}"
EndProject
Project("{9A19103F-16F7-4668-BE54-9A1E7A4F7556}") = "OOP3", "OOP3\OOP3.csproj", "{B2FFB404-6146-46CE-94DD-6F5415C08DBF}"
EndProject
Project("{9A19103F-16F7-4668-BE54-9A1E7A4F7556}") = "GameProject", "GameProject\GameProject.csproj", "{3131A6B2-883A-40F9-B4FB-D77B32CD2246}"
EndProject
Project("{9A19103F-16F7-4668-BE54-9A1E7A4F7556}") = "ReferenceTypes", "ReferenceTypes\ReferenceTypes.csproj", "{3CD3E06F-42D1-4414-9ACC-CD00355BDE0E}"
EndProject
Project("{9A19103F-16F7-4668-BE54-9A1E7A4F7556}") = "Constructor", "Constructor\Constructor.csproj", "{47275EAC-B14E-4626-81A6-527A86832EE1}"
EndProject
Project("{9A19103F-16F7-4668-BE54-9A1E7A4F7556}") = "GenericYapılar", "GenericYapılar\GenericYapılar.csproj", "{3FF41706-8E9B-4457-A0A7-AE017EF0E118}"
EndProject
Project("{FAE04EC0-301F-11D3-BF4B-00C04F79EFBC}") = "BreakAncContinue", "BreakAncContinue\BreakAncContinue.csproj", "{29F4C226-47FD-4117-9A19-BA24EB20B84C}"
EndProject
Project("{FAE04EC0-301F-11D3-BF4B-00C04F79EFBC}") = "RefAndOut", "RefAndOut\RefAndOut.csproj", "{2DCF887E-E8E2-4A07-86B6-BEC05A1CE1DD}"
EndProject
Project("{FAE04EC0-301F-11D3-BF4B-00C04F79EFBC}") = "Dictionary", "Dictionary\Dictionary.csproj", "{E87B4729-967E-4AB7-B14A-4B739CEC768B}"
EndProject
Project("{FAE04EC0-301F-11D3-BF4B-00C04F79EFBC}") = "MyDictionary", "MyDictionary\MyDictionary.csproj", "{F2276B0A-549C-4D14-93E2-F315BEFD3744}"
EndProject
Global
	GlobalSection(SolutionConfigurationPlatforms) = preSolution
		Debug|Any CPU = Debug|Any CPU
		Release|Any CPU = Release|Any CPU
	EndGlobalSection
	GlobalSection(ProjectConfigurationPlatforms) = postSolution
		{D757F14A-A20A-452F-9C21-7049328C405B}.Debug|Any CPU.ActiveCfg = Debug|Any CPU
		{D757F14A-A20A-452F-9C21-7049328C405B}.Debug|Any CPU.Build.0 = Debug|Any CPU
		{D757F14A-A20A-452F-9C21-7049328C405B}.Release|Any CPU.ActiveCfg = Release|Any CPU
		{D757F14A-A20A-452F-9C21-7049328C405B}.Release|Any CPU.Build.0 = Release|Any CPU
		{142A678A-3F2F-49CB-BB8C-94C2358EB55A}.Debug|Any CPU.ActiveCfg = Debug|Any CPU
		{142A678A-3F2F-49CB-BB8C-94C2358EB55A}.Debug|Any CPU.Build.0 = Debug|Any CPU
		{142A678A-3F2F-49CB-BB8C-94C2358EB55A}.Release|Any CPU.ActiveCfg = Release|Any CPU
		{142A678A-3F2F-49CB-BB8C-94C2358EB55A}.Release|Any CPU.Build.0 = Release|Any CPU
		{E9615B28-670B-49D8-B159-77F19999E143}.Debug|Any CPU.ActiveCfg = Debug|Any CPU
		{E9615B28-670B-49D8-B159-77F19999E143}.Debug|Any CPU.Build.0 = Debug|Any CPU
		{E9615B28-670B-49D8-B159-77F19999E143}.Release|Any CPU.ActiveCfg = Release|Any CPU
		{E9615B28-670B-49D8-B159-77F19999E143}.Release|Any CPU.Build.0 = Release|Any CPU
		{2F86A8F4-4EDE-409A-B605-05013594492F}.Debug|Any CPU.ActiveCfg = Debug|Any CPU
		{2F86A8F4-4EDE-409A-B605-05013594492F}.Debug|Any CPU.Build.0 = Debug|Any CPU
		{2F86A8F4-4EDE-409A-B605-05013594492F}.Release|Any CPU.ActiveCfg = Release|Any CPU
		{2F86A8F4-4EDE-409A-B605-05013594492F}.Release|Any CPU.Build.0 = Release|Any CPU
		{6ADDDBD9-09D9-41E1-A014-D8592C90F55F}.Debug|Any CPU.ActiveCfg = Debug|Any CPU
		{6ADDDBD9-09D9-41E1-A014-D8592C90F55F}.Debug|Any CPU.Build.0 = Debug|Any CPU
		{6ADDDBD9-09D9-41E1-A014-D8592C90F55F}.Release|Any CPU.ActiveCfg = Release|Any CPU
		{6ADDDBD9-09D9-41E1-A014-D8592C90F55F}.Release|Any CPU.Build.0 = Release|Any CPU
		{63622A87-FFD7-4040-A65E-0C601E0F24B5}.Debug|Any CPU.ActiveCfg = Debug|Any CPU
		{63622A87-FFD7-4040-A65E-0C601E0F24B5}.Debug|Any CPU.Build.0 = Debug|Any CPU
		{63622A87-FFD7-4040-A65E-0C601E0F24B5}.Release|Any CPU.ActiveCfg = Release|Any CPU
		{63622A87-FFD7-4040-A65E-0C601E0F24B5}.Release|Any CPU.Build.0 = Release|Any CPU
		{B2FFB404-6146-46CE-94DD-6F5415C08DBF}.Debug|Any CPU.ActiveCfg = Debug|Any CPU
		{B2FFB404-6146-46CE-94DD-6F5415C08DBF}.Debug|Any CPU.Build.0 = Debug|Any CPU
		{B2FFB404-6146-46CE-94DD-6F5415C08DBF}.Release|Any CPU.ActiveCfg = Release|Any CPU
		{B2FFB404-6146-46CE-94DD-6F5415C08DBF}.Release|Any CPU.Build.0 = Release|Any CPU
		{3131A6B2-883A-40F9-B4FB-D77B32CD2246}.Debug|Any CPU.ActiveCfg = Debug|Any CPU
		{3131A6B2-883A-40F9-B4FB-D77B32CD2246}.Debug|Any CPU.Build.0 = Debug|Any CPU
		{3131A6B2-883A-40F9-B4FB-D77B32CD2246}.Release|Any CPU.ActiveCfg = Release|Any CPU
		{3131A6B2-883A-40F9-B4FB-D77B32CD2246}.Release|Any CPU.Build.0 = Release|Any CPU
		{3CD3E06F-42D1-4414-9ACC-CD00355BDE0E}.Debug|Any CPU.ActiveCfg = Debug|Any CPU
		{3CD3E06F-42D1-4414-9ACC-CD00355BDE0E}.Debug|Any CPU.Build.0 = Debug|Any CPU
		{3CD3E06F-42D1-4414-9ACC-CD00355BDE0E}.Release|Any CPU.ActiveCfg = Release|Any CPU
		{3CD3E06F-42D1-4414-9ACC-CD00355BDE0E}.Release|Any CPU.Build.0 = Release|Any CPU
		{47275EAC-B14E-4626-81A6-527A86832EE1}.Debug|Any CPU.ActiveCfg = Debug|Any CPU
		{47275EAC-B14E-4626-81A6-527A86832EE1}.Debug|Any CPU.Build.0 = Debug|Any CPU
		{47275EAC-B14E-4626-81A6-527A86832EE1}.Release|Any CPU.ActiveCfg = Release|Any CPU
		{47275EAC-B14E-4626-81A6-527A86832EE1}.Release|Any CPU.Build.0 = Release|Any CPU
		{3FF41706-8E9B-4457-A0A7-AE017EF0E118}.Debug|Any CPU.ActiveCfg = Debug|Any CPU
		{3FF41706-8E9B-4457-A0A7-AE017EF0E118}.Debug|Any CPU.Build.0 = Debug|Any CPU
		{3FF41706-8E9B-4457-A0A7-AE017EF0E118}.Release|Any CPU.ActiveCfg = Release|Any CPU
		{3FF41706-8E9B-4457-A0A7-AE017EF0E118}.Release|Any CPU.Build.0 = Release|Any CPU
		{29F4C226-47FD-4117-9A19-BA24EB20B84C}.Debug|Any CPU.ActiveCfg = Debug|Any CPU
		{29F4C226-47FD-4117-9A19-BA24EB20B84C}.Debug|Any CPU.Build.0 = Debug|Any CPU
		{29F4C226-47FD-4117-9A19-BA24EB20B84C}.Release|Any CPU.ActiveCfg = Release|Any CPU
		{29F4C226-47FD-4117-9A19-BA24EB20B84C}.Release|Any CPU.Build.0 = Release|Any CPU
		{2DCF887E-E8E2-4A07-86B6-BEC05A1CE1DD}.Debug|Any CPU.ActiveCfg = Debug|Any CPU
		{2DCF887E-E8E2-4A07-86B6-BEC05A1CE1DD}.Debug|Any CPU.Build.0 = Debug|Any CPU
		{2DCF887E-E8E2-4A07-86B6-BEC05A1CE1DD}.Release|Any CPU.ActiveCfg = Release|Any CPU
		{2DCF887E-E8E2-4A07-86B6-BEC05A1CE1DD}.Release|Any CPU.Build.0 = Release|Any CPU
		{E87B4729-967E-4AB7-B14A-4B739CEC768B}.Debug|Any CPU.ActiveCfg = Debug|Any CPU
		{E87B4729-967E-4AB7-B14A-4B739CEC768B}.Debug|Any CPU.Build.0 = Debug|Any CPU
		{E87B4729-967E-4AB7-B14A-4B739CEC768B}.Release|Any CPU.ActiveCfg = Release|Any CPU
		{E87B4729-967E-4AB7-B14A-4B739CEC768B}.Release|Any CPU.Build.0 = Release|Any CPU
		{F2276B0A-549C-4D14-93E2-F315BEFD3744}.Debug|Any CPU.ActiveCfg = Debug|Any CPU
		{F2276B0A-549C-4D14-93E2-F315BEFD3744}.Debug|Any CPU.Build.0 = Debug|Any CPU
		{F2276B0A-549C-4D14-93E2-F315BEFD3744}.Release|Any CPU.ActiveCfg = Release|Any CPU
		{F2276B0A-549C-4D14-93E2-F315BEFD3744}.Release|Any CPU.Build.0 = Release|Any CPU
	EndGlobalSection
	GlobalSection(SolutionProperties) = preSolution
		HideSolutionNode = FALSE
	EndGlobalSection
	GlobalSection(ExtensibilityGlobals) = postSolution
		SolutionGuid = {1D7D2EBF-E475-473F-8AA1-0EC938F2D3A9}
	EndGlobalSection
EndGlobal
